github.com/TheBitDrifter/bark v0.0.0-20250302175939-26104a815ed9 h1:FKJtdY3t0/gSgQQrawCrUCs8io53Mq6mSKyovNdd4ig=
github.com/TheBitDrifter/bark v0.0.0-20250302175939-26104a815ed9/go.mod h1:DfUHSN9ypqQX6IRhwzRdzp7TKoCm1pLFUteZgfWt168=
github.com/TheBitDrifter/blueprint v0.0.0-20250307171751-3c42814354d5 h1:IaOvlerh7nt7Daid/UDbDFIRNIMfC4TKMLGTMI4J6pc=
github.com/TheBitDrifter/blueprint v0.0.0-20250307171751-3c42814354d5/go.mod h1:gkNQ64i1Cwnuq9MmlxQVvwkiL5CFCjWnJfYyn1Yx2B0=
github.com/TheBitDrifter/blueprint v0.0.0-20250309203041-b6ef1c264674 h1:L7zBIdh3jHM/rGOfIaoU9dO4vZeluFv9IuwH9mBt8F8=
github.com/TheBitDrifter/blueprint v0.0.0-20250309203041-b6ef1c264674/go.mod h1:gkNQ64i1Cwnuq9MmlxQVvwkiL5CFCjWnJfYyn1Yx2B0=
github.com/TheBitDrifter/blueprint v0.0.0-20250312181352-30002bd4eec6 h1:zZzOxR0xLzItrrg9sOb4s9tzwOCxTNuaAerrsuU9g+4=
github.com/TheBitDrifter/blueprint v0.0.0-20250312181352-30002bd4eec6/go.mod h1:gkNQ64i1Cwnuq9MmlxQVvwkiL5CFCjWnJfYyn1Yx2B0=
github.com/TheBitDrifter/mask v0.0.0-20250302170854-74953aa585aa h1:4uVpECsjSHrl8jGNec9CXKj8zL+cranSx1FOVEa3G7E=
github.com/TheBitDrifter/mask v0.0.0-20250302170854-74953aa585aa/go.mod h1:2Gumixx/FRZwxlwMNCpSr38UTbS5gUSSGdntrSmivGk=
github.com/TheBitDrifter/table v0.0.0-20250302173100-264081644811 h1:D0ZpB3P/L6nL0Uj70AUg+SAgwuUQKNpZUukdcwwlyhU=
github.com/TheBitDrifter/table v0.0.0-20250302173100-264081644811/go.mod h1:XS5HEO4K9gZmCzGpB6E8r/If186aZhQNnl4Pm6Uok1Y=
github.com/TheBitDrifter/tteokbokki v0.0.0-20250303030551-030eef101ff5 h1:kag/DOCxhvI3p5OxV/+6PUW0kzCVimV2y1EF1/8Zsgs=
github.com/TheBitDrifter/tteokbokki v0.0.0-20250303030551-030eef101ff5/go.mod h1:b2anaU/6IVLrJrgJ2bhm8b+agp+xNtge8C3UtuCbxbo=
github.com/TheBitDrifter/util v0.0.0-20241102212109-342f4c0a810e h1:GichypQhTVgS3J1TpSs2nuij+L2EtxBSv70vjk03KAg=
github.com/TheBitDrifter/util v0.0.0-20241102212109-342f4c0a810e/go.mod h1:k3LfyqK/t6Tm1vP1jqGvmIgc05BTEI6rbOEhkXS1uH4=
github.com/TheBitDrifter/warehouse v0.0.0-20250307171541-c185ebdc3731 h1:JT7KaO2ClAnL6vy6H/ivuoLyiQIE8Nuw8uZHzCv+8gM=
github.com/TheBitDrifter/warehouse v0.0.0-20250307171541-c185ebdc3731/go.mod h1:XWwnN6J5VZpJiK6QMBQB6weGPfQewPAA0v33LEdWTC8=
github.com/TheBitDrifter/warehouse v0.0.0-20250310023627-79267f4dfc7b h1:lYY/jxmtdewhhHZGE9xDGRfH7kRtaK/iD9f0TT/dnyo=
github.com/TheBitDrifter/warehouse v0.0.0-20250310023627-79267f4dfc7b/go.mod h1:XWwnN6J5VZpJiK6QMBQB6weGPfQewPAA0v33LEdWTC8=
github.com/TheBitDrifter/warehouse v0.0.0-20250310203812-ba1d51a7538e h1:jCtwdp+vv+2z/aeUTBFyDFb95aBy8GaHYyFlD6If08M=
github.com/TheBitDrifter/warehouse v0.0.0-20250310203812-ba1d51a7538e/go.mod h1:XWwnN6J5VZpJiK6QMBQB6weGPfQewPAA0v33LEdWTC8=
github.com/TheBitDrifter/warehouse v0.0.0-20250311192542-2ece00d3a2dc h1:WM0J9xtD/yZs53daAyZdIk4zpg3AY0V2GMudFe5nKkk=
github.com/TheBitDrifter/warehouse v0.0.0-20250311192542-2ece00d3a2dc/go.mod h1:XWwnN6J5VZpJiK6QMBQB6weGPfQewPAA0v33LEdWTC8=
github.com/ebitengine/gomobile v0.0.0-20240911145611-4856209ac325 h1:Gk1XUEttOk0/hb6Tq3WkmutWa0ZLhNn/6fc6XZpM7tM=
github.com/ebitengine/gomobile v0.0.0-20240911145611-4856209ac325/go.mod h1:ulhSQcbPioQrallSuIzF8l1NKQoD7xmMZc5NxzibUMY=
github.com/ebitengine/hideconsole v1.0.0 h1:5J4U0kXF+pv/DhiXt5/lTz0eO5ogJ1iXb8Yj1yReDqE=
github.com/ebitengine/hideconsole v1.0.0/go.mod h1:hTTBTvVYWKBuxPr7peweneWdkUwEuHuB3C1R/ielR1A=
github.com/ebitengine/oto/v3 v3.3.2 h1:VTWBsKX9eb+dXzaF4jEwQbs4yWIdXukJ0K40KgkpYlg=
github.com/ebitengine/oto/v3 v3.3.2/go.mod h1:MZeb/lwoC4DCOdiTIxYezrURTw7EvK/yF863+tmBI+U=
github.com/ebitengine/purego v0.8.0 h1:JbqvnEzRvPpxhCJzJJ2y0RbiZ8nyjccVUrSM3q+GvvE=
github.com/ebitengine/purego v0.8.0/go.mod h1:iIjxzd6CiRiOG0UyXP+V1+jWqUXVjPKLAI0mRfJZTmQ=
github.com/go-text/typesetting v0.2.0 h1:fbzsgbmk04KiWtE+c3ZD4W2nmCRzBqrqQOvYlwAOdho=
github.com/go-text/typesetting v0.2.0/go.mod h1:2+owI/sxa73XA581LAzVuEBZ3WEEV2pXeDswCH/3i1I=
github.com/go-text/typesetting-utils v0.0.0-20240317173224-1986cbe96c66 h1:GUrm65PQPlhFSKjLPGOZNPNxLCybjzjYBzjfoBGaDUY=
github.com/go-text/typesetting-utils v0.0.0-20240317173224-1986cbe96c66/go.mod h1:DDxDdQEnB70R8owOx3LVpEFvpMK9eeH1o2r0yZhFI9o=
github.com/hajimehoshi/bitmapfont/v3 v3.2.0 h1:0DISQM/rseKIJhdF29AkhvdzIULqNIIlXAGWit4ez1Q=
github.com/hajimehoshi/bitmapfont/v3 v3.2.0/go.mod h1:8gLqGatKVu0pwcNCJguW3Igg9WQqVXF0zg/RvrGQWyg=
github.com/hajimehoshi/ebiten/v2 v2.8.6 h1:Dkd/sYI0TYyZRCE7GVxV59XC+WCi2BbGAbIBjXeVC1U=
github.com/hajimehoshi/ebiten/v2 v2.8.6/go.mod h1:cCQ3np7rdmaJa1ZnvslraVlpxNb3wCjEnAP1LHNyXNA=
github.com/jezek/xgb v1.1.1 h1:bE/r8ZZtSv7l9gk6nU0mYx51aXrvnyb44892TwSaqS4=
github.com/jezek/xgb v1.1.1/go.mod h1:nrhwO0FX/enq75I7Y7G8iN1ubpSGZEiA3v9e9GyRFlk=
github.com/pierrec/lz4/v4 v4.1.21 h1:yOVMLb6qSIDP67pl/5F7RepeKYu/VmTyEXvuMI5d9mQ=
github.com/pierrec/lz4/v4 v4.1.21/go.mod h1:gZWDp/Ze/IJXGXf23ltt2EXimqmTUXEy0GFuRQyBid4=
golang.org/x/image v0.24.0 h1:AN7zRgVsbvmTfNyqIbbOraYL8mSwcKncEj8ofjgzcMQ=
golang.org/x/image v0.24.0/go.mod h1:4b/ITuLfqYq1hqZcjofwctIhi7sZh2WaCjvsBNjjya8=
golang.org/x/sync v0.11.0 h1:GGz8+XQP4FvTTrjZPzNKTMFtSXH80RAzG+5ghFPgK9w=
golang.org/x/sync v0.11.0/go.mod h1:Czt+wKu1gCyEFDUtn0jG5QVvpJ6rzVqr5aXyt9drQfk=
golang.org/x/sys v0.25.0 h1:r+8e+loiHxRqhXVl6ML1nO3l1+oFoWbnlu2Ehimmi34=
golang.org/x/sys v0.25.0/go.mod h1:/VUhepiaJMQUp4+oa/7Zr1D23ma6VTLIYjOOTFZPUcA=
golang.org/x/text v0.22.0 h1:bofq7m3/HAFvbF51jz3Q9wLg3jkvSPuiZu/pD1XwgtM=
golang.org/x/text v0.22.0/go.mod h1:YRoo4H8PVmsu+E3Ou7cqLVH8oXWIHVoX0jqUWALQhfY=
